version: 1.0
shards:
  commander:
    github: mrrooijen/commander
    version: 0.3.3

  db:
    github: crystal-lang/crystal-db
    version: 0.4.3

  kemal:
    github: kemalcr/kemal
    version: 0.21.0

  kilt:
    github: jeromegn/kilt
    version: 0.4.0

  mysql:
    github: crystal-lang/crystal-mysql
    version: 0.3.3

  radix:
    github: luislavena/radix
    version: 0.3.8

  slang:
    github: jeromegn/slang
    version: 1.7.0

